
Microsoft Visual Studio Solution File, Format Version 12.00
# Visual Studio Version 17
VisualStudioVersion = 17.0.32014.148
MinimumVisualStudioVersion = 10.0.40219.1
Project("{FAE04EC0-301F-11D3-BF4B-00C04F79EFBC}") = "SOLID_Example", "SOLID_Example\SOLID_Example.csproj", "{6F383DA0-0DB3-4AA1-8842-C80A7A12D301}"
EndProject
Global
	GlobalSection(SolutionConfigurationPlatforms) = preSolution
		Debug|Any CPU = Debug|Any CPU
		Release|Any CPU = Release|Any CPU
	EndGlobalSection
	GlobalSection(ProjectConfigurationPlatforms) = postSolution
		{6F383DA0-0DB3-4AA1-8842-C80A7A12D301}.Debug|Any CPU.ActiveCfg = Debug|Any CPU
		{6F383DA0-0DB3-4AA1-8842-C80A7A12D301}.Debug|Any CPU.Build.0 = Debug|Any CPU
		{6F383DA0-0DB3-4AA1-8842-C80A7A12D301}.Release|Any CPU.ActiveCfg = Release|Any CPU
		{6F383DA0-0DB3-4AA1-8842-C80A7A12D301}.Release|Any CPU.Build.0 = Release|Any CPU
	EndGlobalSection
	GlobalSection(SolutionProperties) = preSolution
		HideSolutionNode = FALSE
	EndGlobalSection
	GlobalSection(ExtensibilityGlobals) = postSolution
		SolutionGuid = {1236C318-3AAD-4912-84CD-3BEFF217500F}
	EndGlobalSection
EndGlobal
